
Microsoft Visual Studio Solution File, Format Version 12.00
# Visual Studio 14
VisualStudioVersion = 14.0.25420.1
MinimumVisualStudioVersion = 10.0.40219.1
Project("{FAE04EC0-301F-11D3-BF4B-00C04F79EFBC}") = "MSCodeTest.Common", "MSCodeTest.Common\MSCodeTest.Common.csproj", "{93A190B6-9B48-4C2D-8904-F58DFA994CB8}"
EndProject
Project("{FAE04EC0-301F-11D3-BF4B-00C04F79EFBC}") = "MSCodeTest.ConsoleApp", "MSCodeTest.ConsoleApp\MSCodeTest.ConsoleApp.csproj", "{37E4DADD-10F2-4089-81F5-A9B8CE640F7E}"
EndProject
Project("{FAE04EC0-301F-11D3-BF4B-00C04F79EFBC}") = "MSCodeTest.UnitTests", "MSCodeTest.UnitTests\MSCodeTest.UnitTests.csproj", "{8EDF4429-251A-416D-BB68-93F227191BCF}"
EndProject
Project("{FAE04EC0-301F-11D3-BF4B-00C04F79EFBC}") = "MSCodeTest.Data", "MSCodeTest.Data\MSCodeTest.Data.csproj", "{AB960DE0-CE10-43CC-ACDF-B6C7B9AD045B}"
EndProject
Global
	GlobalSection(SolutionConfigurationPlatforms) = preSolution
		Debug|Any CPU = Debug|Any CPU
		Release|Any CPU = Release|Any CPU
	EndGlobalSection
	GlobalSection(ProjectConfigurationPlatforms) = postSolution
		{93A190B6-9B48-4C2D-8904-F58DFA994CB8}.Debug|Any CPU.ActiveCfg = Debug|Any CPU
		{93A190B6-9B48-4C2D-8904-F58DFA994CB8}.Debug|Any CPU.Build.0 = Debug|Any CPU
		{93A190B6-9B48-4C2D-8904-F58DFA994CB8}.Release|Any CPU.ActiveCfg = Release|Any CPU
		{93A190B6-9B48-4C2D-8904-F58DFA994CB8}.Release|Any CPU.Build.0 = Release|Any CPU
		{37E4DADD-10F2-4089-81F5-A9B8CE640F7E}.Debug|Any CPU.ActiveCfg = Debug|Any CPU
		{37E4DADD-10F2-4089-81F5-A9B8CE640F7E}.Debug|Any CPU.Build.0 = Debug|Any CPU
		{37E4DADD-10F2-4089-81F5-A9B8CE640F7E}.Release|Any CPU.ActiveCfg = Release|Any CPU
		{37E4DADD-10F2-4089-81F5-A9B8CE640F7E}.Release|Any CPU.Build.0 = Release|Any CPU
		{8EDF4429-251A-416D-BB68-93F227191BCF}.Debug|Any CPU.ActiveCfg = Debug|Any CPU
		{8EDF4429-251A-416D-BB68-93F227191BCF}.Debug|Any CPU.Build.0 = Debug|Any CPU
		{8EDF4429-251A-416D-BB68-93F227191BCF}.Release|Any CPU.ActiveCfg = Release|Any CPU
		{8EDF4429-251A-416D-BB68-93F227191BCF}.Release|Any CPU.Build.0 = Release|Any CPU
		{AB960DE0-CE10-43CC-ACDF-B6C7B9AD045B}.Debug|Any CPU.ActiveCfg = Debug|Any CPU
		{AB960DE0-CE10-43CC-ACDF-B6C7B9AD045B}.Debug|Any CPU.Build.0 = Debug|Any CPU
		{AB960DE0-CE10-43CC-ACDF-B6C7B9AD045B}.Release|Any CPU.ActiveCfg = Release|Any CPU
		{AB960DE0-CE10-43CC-ACDF-B6C7B9AD045B}.Release|Any CPU.Build.0 = Release|Any CPU
	EndGlobalSection
	GlobalSection(SolutionProperties) = preSolution
		HideSolutionNode = FALSE
	EndGlobalSection
EndGlobal
